// !$*UTF8*$!
{
	archiveVersion = 1;
	classes = {
	};
	objectVersion = 46;
	objects = {

/* Begin PBXBuildFile section */
		AC9F28FE1D037036008D9CD2 /* AppDelegate.swift in Sources */ = {isa = PBXBuildFile; fileRef = AC9F28FD1D037036008D9CD2 /* AppDelegate.swift */; };
		AC9F29001D037036008D9CD2 /* ViewController.swift in Sources */ = {isa = PBXBuildFile; fileRef = AC9F28FF1D037036008D9CD2 /* ViewController.swift */; };
		AC9F29031D037036008D9CD2 /* Main.storyboard in Resources */ = {isa = PBXBuildFile; fileRef = AC9F29011D037036008D9CD2 /* Main.storyboard */; };
		AC9F29051D037036008D9CD2 /* Assets.xcassets in Resources */ = {isa = PBXBuildFile; fileRef = AC9F29041D037036008D9CD2 /* Assets.xcassets */; };
		AC9F29081D037036008D9CD2 /* LaunchScreen.storyboard in Resources */ = {isa = PBXBuildFile; fileRef = AC9F29061D037036008D9CD2 /* LaunchScreen.storyboard */; };
/* End PBXBuildFile section */

/* Begin PBXFileReference section */
		AC9F28FA1D037036008D9CD2 /* TWM App.app */ = {isa = PBXFileReference; explicitFileType = wrapper.application; includeInIndex = 0; path = "TWM App.app"; sourceTree = BUILT_PRODUCTS_DIR; };
		AC9F28FD1D037036008D9CD2 /* AppDelegate.swift */ = {isa = PBXFileReference; lastKnownFileType = sourcecode.swift; path = AppDelegate.swift; sourceTree = "<group>"; };
		AC9F28FF1D037036008D9CD2 /* ViewController.swift */ = {isa = PBXFileReference; lastKnownFileType = sourcecode.swift; path = ViewController.swift; sourceTree = "<group>"; };
		AC9F29021D037036008D9CD2 /* Base */ = {isa = PBXFileReference; lastKnownFileType = file.storyboard; name = Base; path = Base.lproj/Main.storyboard; sourceTree = "<group>"; };
		AC9F29041D037036008D9CD2 /* Assets.xcassets */ = {isa = PBXFileReference; lastKnownFileType = folder.assetcatalog; path = Assets.xcassets; sourceTree = "<group>"; };
		AC9F29071D037036008D9CD2 /* Base */ = {isa = PBXFileReference; lastKnownFileType = file.storyboard; name = Base; path = Base.lproj/LaunchScreen.storyboard; sourceTree = "<group>"; };
		AC9F29091D037036008D9CD2 /* Info.plist */ = {isa = PBXFileReference; lastKnownFileType = text.plist.xml; path = Info.plist; sourceTree = "<group>"; };
/* End PBXFileReference section */

/* Begin PBXFrameworksBuildPhase section */
		AC9F28F71D037036008D9CD2 /* Frameworks */ = {
			isa = PBXFrameworksBuildPhase;
			buildActionMask = 2147483647;
			files = (
			);
			runOnlyForDeploymentPostprocessing = 0;
		};
/* End PBXFrameworksBuildPhase section */

/* Begin PBXGroup section */
		AC9F28F11D037036008D9CD2 = {
			isa = PBXGroup;
			children = (
				AC9F28FC1D037036008D9CD2 /* TWM App */,
				AC9F28FB1D037036008D9CD2 /* Products */,
			);
			sourceTree = "<group>";
		};
		AC9F28FB1D037036008D9CD2 /* Products */ = {
			isa = PBXGroup;
			children = (
				AC9F28FA1D037036008D9CD2 /* TWM App.app */,
			);
			name = Products;
			sourceTree = "<group>";
		};
		AC9F28FC1D037036008D9CD2 /* TWM App */ = {
			isa = PBXGroup;
			children = (
				AC9F28FD1D037036008D9CD2 /* AppDelegate.swift */,
				AC9F28FF1D037036008D9CD2 /* ViewController.swift */,
				AC9F29011D037036008D9CD2 /* Main.storyboard */,
				AC9F29041D037036008D9CD2 /* Assets.xcassets */,
				AC9F29061D037036008D9CD2 /* LaunchScreen.storyboard */,
				AC9F29091D037036008D9CD2 /* Info.plist */,
			);
			path = "TWM App";
			sourceTree = "<group>";
		};
/* End PBXGroup section */

/* Begin PBXNativeTarget section */
		AC9F28F91D037036008D9CD2 /* TWM App */ = {
			isa = PBXNativeTarget;
			buildConfigurationList = AC9F290C1D037036008D9CD2 /* Build configuration list for PBXNativeTarget "TWM App" */;
			buildPhases = (
				AC9F28F61D037036008D9CD2 /* Sources */,
				AC9F28F71D037036008D9CD2 /* Frameworks */,
				AC9F28F81D037036008D9CD2 /* Resources */,
			);
			buildRules = (
			);
			dependencies = (
			);
			name = "TWM App";
			productName = "TWM App";
			productReference = AC9F28FA1D037036008D9CD2 /* TWM App.app */;
			productType = "com.apple.product-type.application";
		};
/* End PBXNativeTarget section */

/* Begin PBXProject section */
		AC9F28F21D037036008D9CD2 /* Project object */ = {
			isa = PBXProject;
			attributes = {
				LastSwiftUpdateCheck = 0730;
				LastUpgradeCheck = 0730;
				ORGANIZATIONNAME = "Hatim Rehman";
				TargetAttributes = {
					AC9F28F91D037036008D9CD2 = {
						CreatedOnToolsVersion = 7.3.1;
						DevelopmentTeam = RMTV233GB7;
					};
				};
			};
			buildConfigurationList = AC9F28F51D037036008D9CD2 /* Build configuration list for PBXProject "TWM App" */;
			compatibilityVersion = "Xcode 3.2";
			developmentRegion = English;
			hasScannedForEncodings = 0;
			knownRegions = (
				en,
				Base,
			);
			mainGroup = AC9F28F11D037036008D9CD2;
			productRefGroup = AC9F28FB1D037036008D9CD2 /* Products */;
			projectDirPath = "";
			projectRoot = "";
			targets = (
				AC9F28F91D037036008D9CD2 /* TWM App */,
			);
		};
/* End PBXProject section */

/* Begin PBXResourcesBuildPhase section */
		AC9F28F81D037036008D9CD2 /* Resources */ = {
			isa = PBXResourcesBuildPhase;
			buildActionMask = 2147483647;
			files = (
				AC9F29081D037036008D9CD2 /* LaunchScreen.storyboard in Resources */,
				AC9F29051D037036008D9CD2 /* Assets.xcassets in Resources */,
				AC9F29031D037036008D9CD2 /* Main.storyboard in Resources */,
			);
			runOnlyForDeploymentPostprocessing = 0;
		};
/* End PBXResourcesBuildPhase section */

/* Begin PBXSourcesBuildPhase section */
		AC9F28F61D037036008D9CD2 /* Sources */ = {
			isa = PBXSourcesBuildPhase;
			buildActionMask = 2147483647;
			files = (
				AC9F29001D037036008D9CD2 /* ViewController.swift in Sources */,
				AC9F28FE1D037036008D9CD2 /* AppDelegate.swift in Sources */,
			);
			runOnlyForDeploymentPostprocessing = 0;
		};
/* End PBXSourcesBuildPhase section */

/* Begin PBXVariantGroup section */
		AC9F29011D037036008D9CD2 /* Main.storyboard */ = {
			isa = PBXVariantGroup;
			children = (
				AC9F29021D037036008D9CD2 /* Base */,
			);
			name = Main.storyboard;
			sourceTree = "<group>";
		};
		AC9F29061D037036008D9CD2 /* LaunchScreen.storyboard */ = {
			isa = PBXVariantGroup;
			children = (
				AC9F29071D037036008D9CD2 /* Base */,
			);
			name = LaunchScreen.storyboard;
			sourceTree = "<group>";
		};
/* End PBXVariantGroup section */

/* Begin XCBuildConfiguration section */
		AC9F290A1D037036008D9CD2 /* Debug */ = {
			isa = XCBuildConfiguration;
			buildSettings = {
				ALWAYS_SEARCH_USER_PATHS = NO;
				CLANG_ANALYZER_NONNULL = YES;
				CLANG_CXX_LANGUAGE_STANDARD = "gnu++0x";
				CLANG_CXX_LIBRARY = "libc++";
				CLANG_ENABLE_MODULES = YES;
				CLANG_ENABLE_OBJC_ARC = YES;
				CLANG_WARN_BOOL_CONVERSION = YES;
				CLANG_WARN_CONSTANT_CONVERSION = YES;
				CLANG_WARN_DIRECT_OBJC_ISA_USAGE = YES_ERROR;
				CLANG_WARN_EMPTY_BODY = YES;
				CLANG_WARN_ENUM_CONVERSION = YES;
				CLANG_WARN_INT_CONVERSION = YES;
				CLANG_WARN_OBJC_ROOT_CLASS = YES_ERROR;
				CLANG_WARN_UNREACHABLE_CODE = YES;
				CLANG_WARN__DUPLICATE_METHOD_MATCH = YES;
				"CODE_SIGN_IDENTITY[sdk=iphoneos*]" = "iPhone Developer";
				COPY_PHASE_STRIP = NO;
				DEBUG_INFORMATION_FORMAT = dwarf;
				ENABLE_STRICT_OBJC_MSGSEND = YES;
				ENABLE_TESTABILITY = YES;
				GCC_C_LANGUAGE_STANDARD = gnu99;
				GCC_DYNAMIC_NO_PIC = NO;
				GCC_NO_COMMON_BLOCKS = YES;
				GCC_OPTIMIZATION_LEVEL = 0;
				GCC_PREPROCESSOR_DEFINITIONS = (
					"DEBUG=1",
					"$(inherited)",
				);
				GCC_WARN_64_TO_32_BIT_CONVERSION = YES;
				GCC_WARN_ABOUT_RETURN_TYPE = YES_ERROR;
				GCC_WARN_UNDECLARED_SELECTOR = YES;
				GCC_WARN_UNINITIALIZED_AUTOS = YES_AGGRESSIVE;
				GCC_WARN_UNUSED_FUNCTION = YES;
				GCC_WARN_UNUSED_VARIABLE = YES;
				IPHONEOS_DEPLOYMENT_TARGET = 9.3;
				MTL_ENABLE_DEBUG_INFO = YES;
				ONLY_ACTIVE_ARCH = YES;
				SDKROOT = iphoneos;
				SWIFT_OPTIMIZATION_LEVEL = "-Onone";
				TARGETED_DEVICE_FAMILY = "1,2";
			};
			name = Debug;
		};
		AC9F290B1D037036008D9CD2 /* Release */ = {
			isa = XCBuildConfiguration;
			buildSettings = {
				ALWAYS_SEARCH_USER_PATHS = NO;
				CLANG_ANALYZER_NONNULL = YES;
				CLANG_CXX_LANGUAGE_STANDARD = "gnu++0x";
				CLANG_CXX_LIBRARY = "libc++";
				CLANG_ENABLE_MODULES = YES;
				CLANG_ENABLE_OBJC_ARC = YES;
				CLANG_WARN_BOOL_CONVERSION = YES;
				CLANG_WARN_CONSTANT_CONVERSION = YES;
				CLANG_WARN_DIRECT_OBJC_ISA_USAGE = YES_ERROR;
				CLANG_WARN_EMPTY_BODY = YES;
				CLANG_WARN_ENUM_CONVERSION = YES;
				CLANG_WARN_INT_CONVERSION = YES;
				CLANG_WARN_OBJC_ROOT_CLASS = YES_ERROR;
				CLANG_WARN_UNREACHABLE_CODE = YES;
				CLANG_WARN__DUPLICATE_METHOD_MATCH = YES;
				"CODE_SIGN_IDENTITY[sdk=iphoneos*]" = "iPhone Developer";
				COPY_PHASE_STRIP = NO;
				DEBUG_INFORMATION_FORMAT = "dwarf-with-dsym";
				ENABLE_NS_ASSERTIONS = NO;
				ENABLE_STRICT_OBJC_MSGSEND = YES;
				GCC_C_LANGUAGE_STANDARD = gnu99;
				GCC_NO_COMMON_BLOCKS = YES;
				GCC_WARN_64_TO_32_BIT_CONVERSION = YES;
				GCC_WARN_ABOUT_RETURN_TYPE = YES_ERROR;
				GCC_WARN_UNDECLARED_SELECTOR = YES;
				GCC_WARN_UNINITIALIZED_AUTOS = YES_AGGRESSIVE;
				GCC_WARN_UNUSED_FUNCTION = YES;
				GCC_WARN_UNUSED_VARIABLE = YES;
				IPHONEOS_DEPLOYMENT_TARGET = 9.3;
				MTL_ENABLE_DEBUG_INFO = NO;
				SDKROOT = iphoneos;
				TARGETED_DEVICE_FAMILY = "1,2";
				VALIDATE_PRODUCT = YES;
			};
			name = Release;
		};
		AC9F290D1D037036008D9CD2 /* Debug */ = {
			isa = XCBuildConfiguration;
			buildSettings = {
				ASSETCATALOG_COMPILER_APPICON_NAME = AppIcon;
				CODE_SIGN_IDENTITY = "iPhone Developer";
				"CODE_SIGN_IDENTITY[sdk=iphoneos*]" = "iPhone Developer";
				INFOPLIST_FILE = "TWM App/Info.plist";
				IPHONEOS_DEPLOYMENT_TARGET = 9.3;
				LD_RUNPATH_SEARCH_PATHS = "$(inherited) @executable_path/Frameworks";
				PRODUCT_BUNDLE_IDENTIFIER = "ca.mcmaster.rehmah3.TWM-App";
				PRODUCT_NAME = "$(TARGET_NAME)";
				PROVISIONING_PROFILE = "";
			};
			name = Debug;
		};
		AC9F290E1D037036008D9CD2 /* Release */ = {
			isa = XCBuildConfiguration;
			buildSettings = {
				ASSETCATALOG_COMPILER_APPICON_NAME = AppIcon;
				CODE_SIGN_IDENTITY = "iPhone Developer";
				"CODE_SIGN_IDENTITY[sdk=iphoneos*]" = "iPhone Developer";
				INFOPLIST_FILE = "TWM App/Info.plist";
				IPHONEOS_DEPLOYMENT_TARGET = 9.3;
				LD_RUNPATH_SEARCH_PATHS = "$(inherited) @executable_path/Frameworks";
				PRODUCT_BUNDLE_IDENTIFIER = "ca.mcmaster.rehmah3.TWM-App";
				PRODUCT_NAME = "$(TARGET_NAME)";
				PROVISIONING_PROFILE = "";
			};
			name = Release;
		};
/* End XCBuildConfiguration section */

/* Begin XCConfigurationList section */
		AC9F28F51D037036008D9CD2 /* Build configuration list for PBXProject "TWM App" */ = {
			isa = XCConfigurationList;
			buildConfigurations = (
				AC9F290A1D037036008D9CD2 /* Debug */,
				AC9F290B1D037036008D9CD2 /* Release */,
			);
			defaultConfigurationIsVisible = 0;
			defaultConfigurationName = Release;
		};
		AC9F290C1D037036008D9CD2 /* Build configuration list for PBXNativeTarget "TWM App" */ = {
			isa = XCConfigurationList;
			buildConfigurations = (
				AC9F290D1D037036008D9CD2 /* Debug */,
				AC9F290E1D037036008D9CD2 /* Release */,
			);
			defaultConfigurationIsVisible = 0;
		};
/* End XCConfigurationList section */
	};
	rootObject = AC9F28F21D037036008D9CD2 /* Project object */;
}
